<?xml version="1.0" encoding="utf-8"?>
<Project ToolsVersion="4.0" xmlns="http://schemas.microsoft.com/developer/msbuild/2003">
  <ItemGroup>
    <Filter Include="소스 파일">
      <UniqueIdentifier>{4FC737F1-C7A5-4376-A066-2A32D752A2FF}</UniqueIdentifier>
      <Extensions>cpp;c;cc;cxx;c++;cppm;ixx;def;odl;idl;hpj;bat;asm;asmx</Extensions>
    </Filter>
    <Filter Include="헤더 파일">
      <UniqueIdentifier>{93995380-89BD-4b04-88EB-625FBE52EBFB}</UniqueIdentifier>
      <Extensions>h;hh;hpp;hxx;h++;hm;inl;inc;ipp;xsd</Extensions>
    </Filter>
    <Filter Include="리소스 파일">
      <UniqueIdentifier>{67DA6AB6-F800-4c08-8B7A-83BB121AAD01}</UniqueIdentifier>
      <Extensions>rc;ico;cur;bmp;dlg;rc2;rct;bin;rgs;gif;jpg;jpeg;jpe;resx;tiff;tif;png;wav;mfcribbon-ms</Extensions>
    </Filter>
    <Filter Include="소스 파일\chap3">
      <UniqueIdentifier>{10f07d5b-3da6-4941-9251-c095be28ed45}</UniqueIdentifier>
    </Filter>
    <Filter Include="소스 파일\chap4">
      <UniqueIdentifier>{337992cd-a3c4-44ed-b097-75ddf69bc6ff}</UniqueIdentifier>
    </Filter>
    <Filter Include="소스 파일\chap5">
      <UniqueIdentifier>{e9a7982b-093e-45fb-a67b-3ce8a876e342}</UniqueIdentifier>
    </Filter>
    <Filter Include="헤더 파일\chap3">
      <UniqueIdentifier>{408de354-5241-49ce-81fd-2e2d91d23906}</UniqueIdentifier>
    </Filter>
    <Filter Include="소스 파일\chap1">
      <UniqueIdentifier>{f8be5575-79ed-41b0-9410-6e6ae18548f6}</UniqueIdentifier>
    </Filter>
    <Filter Include="소스 파일\HW1">
      <UniqueIdentifier>{bc1df409-db1a-4c65-a781-7fe9643124bb}</UniqueIdentifier>
    </Filter>
    <Filter Include="소스 파일\HW2">
      <UniqueIdentifier>{3c9ab23b-56a4-4e3a-b359-e14f1467b0dc}</UniqueIdentifier>
    </Filter>
    <Filter Include="헤더 파일\HW1">
      <UniqueIdentifier>{ab1b1c3c-cf64-49c4-948f-7851d18f0b02}</UniqueIdentifier>
    </Filter>
    <Filter Include="소스 파일\chap2">
      <UniqueIdentifier>{db7b48aa-d373-413b-adbf-8f986580b76a}</UniqueIdentifier>
    </Filter>
    <Filter Include="소스 파일\chap6">
      <UniqueIdentifier>{7a9bfa14-f3ac-41dd-8c3e-8be138a98531}</UniqueIdentifier>
    </Filter>
    <Filter Include="소스 파일\chap7">
      <UniqueIdentifier>{63191398-4906-480c-a632-f074240f3bb3}</UniqueIdentifier>
    </Filter>
  </ItemGroup>
  <ItemGroup>
    <ClCompile Include="3-1.cpp">
      <Filter>소스 파일\chap3</Filter>
    </ClCompile>
    <ClCompile Include="3-2.cpp">
      <Filter>소스 파일\chap3</Filter>
    </ClCompile>
    <ClCompile Include="4-1.cpp">
      <Filter>소스 파일\chap4</Filter>
    </ClCompile>
    <ClCompile Include="4-2.cpp">
      <Filter>소스 파일\chap4</Filter>
    </ClCompile>
    <ClCompile Include="5-1-1.cpp">
      <Filter>소스 파일\chap5</Filter>
    </ClCompile>
    <ClCompile Include="5-1-2.cpp">
      <Filter>소스 파일\chap5</Filter>
    </ClCompile>
    <ClCompile Include="5-2.cpp">
      <Filter>소스 파일\chap5</Filter>
    </ClCompile>
    <ClCompile Include="5-8.cpp">
      <Filter>소스 파일\chap5</Filter>
    </ClCompile>
    <ClCompile Include="5-11.cpp">
      <Filter>소스 파일\chap5</Filter>
    </ClCompile>
    <ClCompile Include="hello.cpp">
      <Filter>소스 파일\chap1</Filter>
    </ClCompile>
    <ClCompile Include="HW1-main.cpp">
      <Filter>소스 파일\HW1</Filter>
    </ClCompile>
    <ClCompile Include="HW1-Ram.cpp">
      <Filter>소스 파일\HW1</Filter>
    </ClCompile>
    <ClCompile Include="HW2-main.cpp">
      <Filter>소스 파일\HW2</Filter>
    </ClCompile>
    <ClCompile Include="2-1.cpp">
      <Filter>소스 파일\chap2</Filter>
    </ClCompile>
    <ClCompile Include="2-2.cpp">
      <Filter>소스 파일\chap2</Filter>
    </ClCompile>
    <ClCompile Include="2-3.cpp">
      <Filter>소스 파일\chap2</Filter>
    </ClCompile>
    <ClCompile Include="2-4.cpp">
      <Filter>소스 파일\chap2</Filter>
    </ClCompile>
    <ClCompile Include="2-5.cpp">
      <Filter>소스 파일\chap2</Filter>
    </ClCompile>
    <ClCompile Include="2-6.cpp">
      <Filter>소스 파일\chap2</Filter>
    </ClCompile>
    <ClCompile Include="5-10.cpp">
      <Filter>소스 파일\chap5</Filter>
    </ClCompile>
    <ClCompile Include="6-1.cpp">
      <Filter>소스 파일\chap6</Filter>
    </ClCompile>
    <ClCompile Include="6-4.cpp">
      <Filter>소스 파일\chap6</Filter>
    </ClCompile>
    <ClCompile Include="6-5.cpp">
      <Filter>소스 파일\chap6</Filter>
    </ClCompile>
    <ClCompile Include="6-6.cpp">
      <Filter>소스 파일\chap6</Filter>
    </ClCompile>
    <ClCompile Include="7-1.cpp">
      <Filter>소스 파일\chap7</Filter>
    </ClCompile>
    <ClCompile Include="7-2.cpp">
      <Filter>소스 파일\chap7</Filter>
    </ClCompile>
    <ClCompile Include="7-3.cpp">
      <Filter>소스 파일\chap7</Filter>
    </ClCompile>
    <ClCompile Include="7-4.cpp">
      <Filter>소스 파일\chap7</Filter>
    </ClCompile>
    <ClCompile Include="7-5.cpp">
      <Filter>소스 파일\chap7</Filter>
    </ClCompile>
    <ClCompile Include="7-6.cpp">
      <Filter>소스 파일\chap7</Filter>
    </ClCompile>
    <ClCompile Include="7-11.cpp">
      <Filter>소스 파일\chap7</Filter>
    </ClCompile>
    <ClCompile Include="7-14.cpp">
      <Filter>소스 파일\chap7</Filter>
    </ClCompile>
  </ItemGroup>
  <ItemGroup>
    <ClInclude Include="3-Adder.h">
      <Filter>헤더 파일\chap3</Filter>
    </ClInclude>
    <ClInclude Include="HW1-Ram.h">
      <Filter>헤더 파일\HW1</Filter>
    </ClInclude>
  </ItemGroup>
</Project>